// !$*UTF8*$!
{
	archiveVersion = 1;
	classes = {
	};
	objectVersion = 56;
	objects = {

/* Begin PBXBuildFile section */
		B925F1DD29F579D000591695 /* AppDelegate.swift in Sources */ = {isa = PBXBuildFile; fileRef = B925F1DC29F579D000591695 /* AppDelegate.swift */; };
		B925F1DF29F579D000591695 /* SceneDelegate.swift in Sources */ = {isa = PBXBuildFile; fileRef = B925F1DE29F579D000591695 /* SceneDelegate.swift */; };
		B925F1E129F579D000591695 /* ViewController.swift in Sources */ = {isa = PBXBuildFile; fileRef = B925F1E029F579D000591695 /* ViewController.swift */; };
		B925F1E429F579D000591695 /* Main.storyboard in Resources */ = {isa = PBXBuildFile; fileRef = B925F1E229F579D000591695 /* Main.storyboard */; };
		B925F1E629F579D200591695 /* Assets.xcassets in Resources */ = {isa = PBXBuildFile; fileRef = B925F1E529F579D200591695 /* Assets.xcassets */; };
		B925F1E929F579D200591695 /* LaunchScreen.storyboard in Resources */ = {isa = PBXBuildFile; fileRef = B925F1E729F579D200591695 /* LaunchScreen.storyboard */; };
		B925F1F629F57B4A00591695 /* SHCore in Frameworks */ = {isa = PBXBuildFile; productRef = B925F1F529F57B4A00591695 /* SHCore */; };
/* End PBXBuildFile section */

/* Begin PBXFileReference section */
		B925F1D929F579D000591695 /* Swift-Hub-UIKit.app */ = {isa = PBXFileReference; explicitFileType = wrapper.application; includeInIndex = 0; path = "Swift-Hub-UIKit.app"; sourceTree = BUILT_PRODUCTS_DIR; };
		B925F1DC29F579D000591695 /* AppDelegate.swift */ = {isa = PBXFileReference; lastKnownFileType = sourcecode.swift; path = AppDelegate.swift; sourceTree = "<group>"; };
		B925F1DE29F579D000591695 /* SceneDelegate.swift */ = {isa = PBXFileReference; lastKnownFileType = sourcecode.swift; path = SceneDelegate.swift; sourceTree = "<group>"; };
		B925F1E029F579D000591695 /* ViewController.swift */ = {isa = PBXFileReference; lastKnownFileType = sourcecode.swift; path = ViewController.swift; sourceTree = "<group>"; };
		B925F1E329F579D000591695 /* Base */ = {isa = PBXFileReference; lastKnownFileType = file.storyboard; name = Base; path = Base.lproj/Main.storyboard; sourceTree = "<group>"; };
		B925F1E529F579D200591695 /* Assets.xcassets */ = {isa = PBXFileReference; lastKnownFileType = folder.assetcatalog; path = Assets.xcassets; sourceTree = "<group>"; };
		B925F1E829F579D200591695 /* Base */ = {isa = PBXFileReference; lastKnownFileType = file.storyboard; name = Base; path = Base.lproj/LaunchScreen.storyboard; sourceTree = "<group>"; };
		B925F1EA29F579D200591695 /* Info.plist */ = {isa = PBXFileReference; lastKnownFileType = text.plist.xml; path = Info.plist; sourceTree = "<group>"; };
		B925F1F329F57AE500591695 /* SHCore */ = {isa = PBXFileReference; lastKnownFileType = wrapper; name = SHCore; path = ../SHCore; sourceTree = "<group>"; };
/* End PBXFileReference section */

/* Begin PBXFrameworksBuildPhase section */
		B925F1D629F579D000591695 /* Frameworks */ = {
			isa = PBXFrameworksBuildPhase;
			buildActionMask = 2147483647;
			files = (
				B925F1F629F57B4A00591695 /* SHCore in Frameworks */,
			);
			runOnlyForDeploymentPostprocessing = 0;
		};
/* End PBXFrameworksBuildPhase section */

/* Begin PBXGroup section */
		B925F1D029F579D000591695 = {
			isa = PBXGroup;
			children = (
				B925F1F029F579E700591695 /* Packages */,
				B925F1DB29F579D000591695 /* Swift-Hub-UIKit */,
				B925F1DA29F579D000591695 /* Products */,
				B925F1F429F57B4A00591695 /* Frameworks */,
			);
			sourceTree = "<group>";
		};
		B925F1DA29F579D000591695 /* Products */ = {
			isa = PBXGroup;
			children = (
				B925F1D929F579D000591695 /* Swift-Hub-UIKit.app */,
			);
			name = Products;
			sourceTree = "<group>";
		};
		B925F1DB29F579D000591695 /* Swift-Hub-UIKit */ = {
			isa = PBXGroup;
			children = (
				B925F1DC29F579D000591695 /* AppDelegate.swift */,
				B925F1DE29F579D000591695 /* SceneDelegate.swift */,
				B925F1E029F579D000591695 /* ViewController.swift */,
				B925F1E229F579D000591695 /* Main.storyboard */,
				B925F1E529F579D200591695 /* Assets.xcassets */,
				B925F1E729F579D200591695 /* LaunchScreen.storyboard */,
				B925F1EA29F579D200591695 /* Info.plist */,
			);
			path = "Swift-Hub-UIKit";
			sourceTree = "<group>";
		};
		B925F1F029F579E700591695 /* Packages */ = {
			isa = PBXGroup;
			children = (
				B925F1F329F57AE500591695 /* SHCore */,
			);
			name = Packages;
			sourceTree = "<group>";
		};
		B925F1F429F57B4A00591695 /* Frameworks */ = {
			isa = PBXGroup;
			children = (
			);
			name = Frameworks;
			sourceTree = "<group>";
		};
/* End PBXGroup section */

/* Begin PBXNativeTarget section */
		B925F1D829F579D000591695 /* Swift-Hub-UIKit */ = {
			isa = PBXNativeTarget;
			buildConfigurationList = B925F1ED29F579D200591695 /* Build configuration list for PBXNativeTarget "Swift-Hub-UIKit" */;
			buildPhases = (
				B925F1D529F579D000591695 /* Sources */,
				B925F1D629F579D000591695 /* Frameworks */,
				B925F1D729F579D000591695 /* Resources */,
			);
			buildRules = (
			);
			dependencies = (
			);
			name = "Swift-Hub-UIKit";
			packageProductDependencies = (
				B925F1F529F57B4A00591695 /* SHCore */,
			);
			productName = "Swift-Hub-UIKit";
			productReference = B925F1D929F579D000591695 /* Swift-Hub-UIKit.app */;
			productType = "com.apple.product-type.application";
		};
/* End PBXNativeTarget section */

/* Begin PBXProject section */
		B925F1D129F579D000591695 /* Project object */ = {
			isa = PBXProject;
			attributes = {
				BuildIndependentTargetsInParallel = 1;
				LastSwiftUpdateCheck = 1430;
				LastUpgradeCheck = 1430;
				TargetAttributes = {
					B925F1D829F579D000591695 = {
						CreatedOnToolsVersion = 14.3;
					};
				};
			};
			buildConfigurationList = B925F1D429F579D000591695 /* Build configuration list for PBXProject "Swift-Hub-UIKit" */;
			compatibilityVersion = "Xcode 14.0";
			developmentRegion = en;
			hasScannedForEncodings = 0;
			knownRegions = (
				en,
				Base,
			);
			mainGroup = B925F1D029F579D000591695;
			productRefGroup = B925F1DA29F579D000591695 /* Products */;
			projectDirPath = "";
			projectRoot = "";
			targets = (
				B925F1D829F579D000591695 /* Swift-Hub-UIKit */,
			);
		};
/* End PBXProject section */

/* Begin PBXResourcesBuildPhase section */
		B925F1D729F579D000591695 /* Resources */ = {
			isa = PBXResourcesBuildPhase;
			buildActionMask = 2147483647;
			files = (
				B925F1E929F579D200591695 /* LaunchScreen.storyboard in Resources */,
				B925F1E629F579D200591695 /* Assets.xcassets in Resources */,
				B925F1E429F579D000591695 /* Main.storyboard in Resources */,
			);
			runOnlyForDeploymentPostprocessing = 0;
		};
/* End PBXResourcesBuildPhase section */

/* Begin PBXSourcesBuildPhase section */
		B925F1D529F579D000591695 /* Sources */ = {
			isa = PBXSourcesBuildPhase;
			buildActionMask = 2147483647;
			files = (
				B925F1E129F579D000591695 /* ViewController.swift in Sources */,
				B925F1DD29F579D000591695 /* AppDelegate.swift in Sources */,
				B925F1DF29F579D000591695 /* SceneDelegate.swift in Sources */,
			);
			runOnlyForDeploymentPostprocessing = 0;
		};
/* End PBXSourcesBuildPhase section */

/* Begin PBXVariantGroup section */
		B925F1E229F579D000591695 /* Main.storyboard */ = {
			isa = PBXVariantGroup;
			children = (
				B925F1E329F579D000591695 /* Base */,
			);
			name = Main.storyboard;
			sourceTree = "<group>";
		};
		B925F1E729F579D200591695 /* LaunchScreen.storyboard */ = {
			isa = PBXVariantGroup;
			children = (
				B925F1E829F579D200591695 /* Base */,
			);
			name = LaunchScreen.storyboard;
			sourceTree = "<group>";
		};
/* End PBXVariantGroup section */

/* Begin XCBuildConfiguration section */
		B925F1EB29F579D200591695 /* Debug */ = {
			isa = XCBuildConfiguration;
			buildSettings = {
				ALWAYS_SEARCH_USER_PATHS = NO;
				CLANG_ANALYZER_NONNULL = YES;
				CLANG_ANALYZER_NUMBER_OBJECT_CONVERSION = YES_AGGRESSIVE;
				CLANG_CXX_LANGUAGE_STANDARD = "gnu++20";
				CLANG_ENABLE_MODULES = YES;
				CLANG_ENABLE_OBJC_ARC = YES;
				CLANG_ENABLE_OBJC_WEAK = YES;
				CLANG_WARN_BLOCK_CAPTURE_AUTORELEASING = YES;
				CLANG_WARN_BOOL_CONVERSION = YES;
				CLANG_WARN_COMMA = YES;
				CLANG_WARN_CONSTANT_CONVERSION = YES;
				CLANG_WARN_DEPRECATED_OBJC_IMPLEMENTATIONS = YES;
				CLANG_WARN_DIRECT_OBJC_ISA_USAGE = YES_ERROR;
				CLANG_WARN_DOCUMENTATION_COMMENTS = YES;
				CLANG_WARN_EMPTY_BODY = YES;
				CLANG_WARN_ENUM_CONVERSION = YES;
				CLANG_WARN_INFINITE_RECURSION = YES;
				CLANG_WARN_INT_CONVERSION = YES;
				CLANG_WARN_NON_LITERAL_NULL_CONVERSION = YES;
				CLANG_WARN_OBJC_IMPLICIT_RETAIN_SELF = YES;
				CLANG_WARN_OBJC_LITERAL_CONVERSION = YES;
				CLANG_WARN_OBJC_ROOT_CLASS = YES_ERROR;
				CLANG_WARN_QUOTED_INCLUDE_IN_FRAMEWORK_HEADER = YES;
				CLANG_WARN_RANGE_LOOP_ANALYSIS = YES;
				CLANG_WARN_STRICT_PROTOTYPES = YES;
				CLANG_WARN_SUSPICIOUS_MOVE = YES;
				CLANG_WARN_UNGUARDED_AVAILABILITY = YES_AGGRESSIVE;
				CLANG_WARN_UNREACHABLE_CODE = YES;
				CLANG_WARN__DUPLICATE_METHOD_MATCH = YES;
				COPY_PHASE_STRIP = NO;
				DEBUG_INFORMATION_FORMAT = dwarf;
				ENABLE_STRICT_OBJC_MSGSEND = YES;
				ENABLE_TESTABILITY = YES;
				GCC_C_LANGUAGE_STANDARD = gnu11;
				GCC_DYNAMIC_NO_PIC = NO;
				GCC_NO_COMMON_BLOCKS = YES;
				GCC_OPTIMIZATION_LEVEL = 0;
				GCC_PREPROCESSOR_DEFINITIONS = (
					"DEBUG=1",
					"$(inherited)",
				);
				GCC_WARN_64_TO_32_BIT_CONVERSION = YES;
				GCC_WARN_ABOUT_RETURN_TYPE = YES_ERROR;
				GCC_WARN_UNDECLARED_SELECTOR = YES;
				GCC_WARN_UNINITIALIZED_AUTOS = YES_AGGRESSIVE;
				GCC_WARN_UNUSED_FUNCTION = YES;
				GCC_WARN_UNUSED_VARIABLE = YES;
				IPHONEOS_DEPLOYMENT_TARGET = 16.4;
				MTL_ENABLE_DEBUG_INFO = INCLUDE_SOURCE;
				MTL_FAST_MATH = YES;
				ONLY_ACTIVE_ARCH = YES;
				SDKROOT = iphoneos;
				SWIFT_ACTIVE_COMPILATION_CONDITIONS = DEBUG;
				SWIFT_OPTIMIZATION_LEVEL = "-Onone";
			};
			name = Debug;
		};
		B925F1EC29F579D200591695 /* Release */ = {
			isa = XCBuildConfiguration;
			buildSettings = {
				ALWAYS_SEARCH_USER_PATHS = NO;
				CLANG_ANALYZER_NONNULL = YES;
				CLANG_ANALYZER_NUMBER_OBJECT_CONVERSION = YES_AGGRESSIVE;
				CLANG_CXX_LANGUAGE_STANDARD = "gnu++20";
				CLANG_ENABLE_MODULES = YES;
				CLANG_ENABLE_OBJC_ARC = YES;
				CLANG_ENABLE_OBJC_WEAK = YES;
				CLANG_WARN_BLOCK_CAPTURE_AUTORELEASING = YES;
				CLANG_WARN_BOOL_CONVERSION = YES;
				CLANG_WARN_COMMA = YES;
				CLANG_WARN_CONSTANT_CONVERSION = YES;
				CLANG_WARN_DEPRECATED_OBJC_IMPLEMENTATIONS = YES;
				CLANG_WARN_DIRECT_OBJC_ISA_USAGE = YES_ERROR;
				CLANG_WARN_DOCUMENTATION_COMMENTS = YES;
				CLANG_WARN_EMPTY_BODY = YES;
				CLANG_WARN_ENUM_CONVERSION = YES;
				CLANG_WARN_INFINITE_RECURSION = YES;
				CLANG_WARN_INT_CONVERSION = YES;
				CLANG_WARN_NON_LITERAL_NULL_CONVERSION = YES;
				CLANG_WARN_OBJC_IMPLICIT_RETAIN_SELF = YES;
				CLANG_WARN_OBJC_LITERAL_CONVERSION = YES;
				CLANG_WARN_OBJC_ROOT_CLASS = YES_ERROR;
				CLANG_WARN_QUOTED_INCLUDE_IN_FRAMEWORK_HEADER = YES;
				CLANG_WARN_RANGE_LOOP_ANALYSIS = YES;
				CLANG_WARN_STRICT_PROTOTYPES = YES;
				CLANG_WARN_SUSPICIOUS_MOVE = YES;
				CLANG_WARN_UNGUARDED_AVAILABILITY = YES_AGGRESSIVE;
				CLANG_WARN_UNREACHABLE_CODE = YES;
				CLANG_WARN__DUPLICATE_METHOD_MATCH = YES;
				COPY_PHASE_STRIP = NO;
				DEBUG_INFORMATION_FORMAT = "dwarf-with-dsym";
				ENABLE_NS_ASSERTIONS = NO;
				ENABLE_STRICT_OBJC_MSGSEND = YES;
				GCC_C_LANGUAGE_STANDARD = gnu11;
				GCC_NO_COMMON_BLOCKS = YES;
				GCC_WARN_64_TO_32_BIT_CONVERSION = YES;
				GCC_WARN_ABOUT_RETURN_TYPE = YES_ERROR;
				GCC_WARN_UNDECLARED_SELECTOR = YES;
				GCC_WARN_UNINITIALIZED_AUTOS = YES_AGGRESSIVE;
				GCC_WARN_UNUSED_FUNCTION = YES;
				GCC_WARN_UNUSED_VARIABLE = YES;
				IPHONEOS_DEPLOYMENT_TARGET = 16.4;
				MTL_ENABLE_DEBUG_INFO = NO;
				MTL_FAST_MATH = YES;
				SDKROOT = iphoneos;
				SWIFT_COMPILATION_MODE = wholemodule;
				SWIFT_OPTIMIZATION_LEVEL = "-O";
				VALIDATE_PRODUCT = YES;
			};
			name = Release;
		};
		B925F1EE29F579D200591695 /* Debug */ = {
			isa = XCBuildConfiguration;
			buildSettings = {
				ASSETCATALOG_COMPILER_APPICON_NAME = AppIcon;
				ASSETCATALOG_COMPILER_GLOBAL_ACCENT_COLOR_NAME = AccentColor;
				CODE_SIGN_STYLE = Automatic;
				CURRENT_PROJECT_VERSION = 1;
				DEVELOPMENT_TEAM = 8MD4CZRYZD;
				GENERATE_INFOPLIST_FILE = YES;
				INFOPLIST_FILE = "Swift-Hub-UIKit/Info.plist";
				INFOPLIST_KEY_UIApplicationSupportsIndirectInputEvents = YES;
				INFOPLIST_KEY_UILaunchStoryboardName = LaunchScreen;
				INFOPLIST_KEY_UIMainStoryboardFile = Main;
				INFOPLIST_KEY_UISupportedInterfaceOrientations_iPad = "UIInterfaceOrientationPortrait UIInterfaceOrientationPortraitUpsideDown UIInterfaceOrientationLandscapeLeft UIInterfaceOrientationLandscapeRight";
				INFOPLIST_KEY_UISupportedInterfaceOrientations_iPhone = "UIInterfaceOrientationPortrait UIInterfaceOrientationLandscapeLeft UIInterfaceOrientationLandscapeRight";
				LD_RUNPATH_SEARCH_PATHS = (
					"$(inherited)",
					"@executable_path/Frameworks",
				);
				MARKETING_VERSION = 1.0;
				PRODUCT_BUNDLE_IDENTIFIER = "com.jschenkemeyer.Swift-Hub-UIKit";
				PRODUCT_NAME = "$(TARGET_NAME)";
				SWIFT_EMIT_LOC_STRINGS = YES;
				SWIFT_VERSION = 5.0;
				TARGETED_DEVICE_FAMILY = "1,2";
			};
			name = Debug;
		};
		B925F1EF29F579D200591695 /* Release */ = {
			isa = XCBuildConfiguration;
			buildSettings = {
				ASSETCATALOG_COMPILER_APPICON_NAME = AppIcon;
				ASSETCATALOG_COMPILER_GLOBAL_ACCENT_COLOR_NAME = AccentColor;
				CODE_SIGN_STYLE = Automatic;
				CURRENT_PROJECT_VERSION = 1;
				DEVELOPMENT_TEAM = 8MD4CZRYZD;
				GENERATE_INFOPLIST_FILE = YES;
				INFOPLIST_FILE = "Swift-Hub-UIKit/Info.plist";
				INFOPLIST_KEY_UIApplicationSupportsIndirectInputEvents = YES;
				INFOPLIST_KEY_UILaunchStoryboardName = LaunchScreen;
				INFOPLIST_KEY_UIMainStoryboardFile = Main;
				INFOPLIST_KEY_UISupportedInterfaceOrientations_iPad = "UIInterfaceOrientationPortrait UIInterfaceOrientationPortraitUpsideDown UIInterfaceOrientationLandscapeLeft UIInterfaceOrientationLandscapeRight";
				INFOPLIST_KEY_UISupportedInterfaceOrientations_iPhone = "UIInterfaceOrientationPortrait UIInterfaceOrientationLandscapeLeft UIInterfaceOrientationLandscapeRight";
				LD_RUNPATH_SEARCH_PATHS = (
					"$(inherited)",
					"@executable_path/Frameworks",
				);
				MARKETING_VERSION = 1.0;
				PRODUCT_BUNDLE_IDENTIFIER = "com.jschenkemeyer.Swift-Hub-UIKit";
				PRODUCT_NAME = "$(TARGET_NAME)";
				SWIFT_EMIT_LOC_STRINGS = YES;
				SWIFT_VERSION = 5.0;
				TARGETED_DEVICE_FAMILY = "1,2";
			};
			name = Release;
		};
/* End XCBuildConfiguration section */

/* Begin XCConfigurationList section */
		B925F1D429F579D000591695 /* Build configuration list for PBXProject "Swift-Hub-UIKit" */ = {
			isa = XCConfigurationList;
			buildConfigurations = (
				B925F1EB29F579D200591695 /* Debug */,
				B925F1EC29F579D200591695 /* Release */,
			);
			defaultConfigurationIsVisible = 0;
			defaultConfigurationName = Release;
		};
		B925F1ED29F579D200591695 /* Build configuration list for PBXNativeTarget "Swift-Hub-UIKit" */ = {
			isa = XCConfigurationList;
			buildConfigurations = (
				B925F1EE29F579D200591695 /* Debug */,
				B925F1EF29F579D200591695 /* Release */,
			);
			defaultConfigurationIsVisible = 0;
			defaultConfigurationName = Release;
		};
/* End XCConfigurationList section */

/* Begin XCSwiftPackageProductDependency section */
		B925F1F529F57B4A00591695 /* SHCore */ = {
			isa = XCSwiftPackageProductDependency;
			productName = SHCore;
		};
/* End XCSwiftPackageProductDependency section */
	};
	rootObject = B925F1D129F579D000591695 /* Project object */;
}
